
Microsoft Visual Studio Solution File, Format Version 12.00
Project("{FAE04EC0-301F-11D3-BF4B-00C04F79EFBC}") = "MSyncBot.VK", "MSyncBot.VK\MSyncBot.VK.csproj", "{C6EDF607-2435-42BE-A11D-478EB2BE93CE}"
EndProject
Global
	GlobalSection(SolutionConfigurationPlatforms) = preSolution
		Debug|Any CPU = Debug|Any CPU
		Release|Any CPU = Release|Any CPU
	EndGlobalSection
	GlobalSection(ProjectConfigurationPlatforms) = postSolution
		{C6EDF607-2435-42BE-A11D-478EB2BE93CE}.Debug|Any CPU.ActiveCfg = Debug|Any CPU
		{C6EDF607-2435-42BE-A11D-478EB2BE93CE}.Debug|Any CPU.Build.0 = Debug|Any CPU
		{C6EDF607-2435-42BE-A11D-478EB2BE93CE}.Release|Any CPU.ActiveCfg = Release|Any CPU
		{C6EDF607-2435-42BE-A11D-478EB2BE93CE}.Release|Any CPU.Build.0 = Release|Any CPU
	EndGlobalSection
EndGlobal
